
Microsoft Visual Studio Solution File, Format Version 12.00
# Visual Studio Version 17
VisualStudioVersion = 17.8.34511.84
MinimumVisualStudioVersion = 10.0.40219.1
Project("{9A19103F-16F7-4668-BE54-9A1E7A4F7556}") = "matrix", "matrix.csproj", "{C0905788-3133-4D13-8B2F-A79F6222534C}"
EndProject
Project("{9A19103F-16F7-4668-BE54-9A1E7A4F7556}") = "Matrix2DTests", "..\Matrix2DTests\Matrix2DTests.csproj", "{792CCC5D-C614-4DB6-B33E-0D1120F60F8A}"
EndProject
Global
	GlobalSection(SolutionConfigurationPlatforms) = preSolution
		Debug|Any CPU = Debug|Any CPU
		Release|Any CPU = Release|Any CPU
	EndGlobalSection
	GlobalSection(ProjectConfigurationPlatforms) = postSolution
		{C0905788-3133-4D13-8B2F-A79F6222534C}.Debug|Any CPU.ActiveCfg = Debug|Any CPU
		{C0905788-3133-4D13-8B2F-A79F6222534C}.Debug|Any CPU.Build.0 = Debug|Any CPU
		{C0905788-3133-4D13-8B2F-A79F6222534C}.Release|Any CPU.ActiveCfg = Release|Any CPU
		{C0905788-3133-4D13-8B2F-A79F6222534C}.Release|Any CPU.Build.0 = Release|Any CPU
		{792CCC5D-C614-4DB6-B33E-0D1120F60F8A}.Debug|Any CPU.ActiveCfg = Debug|Any CPU
		{792CCC5D-C614-4DB6-B33E-0D1120F60F8A}.Debug|Any CPU.Build.0 = Debug|Any CPU
		{792CCC5D-C614-4DB6-B33E-0D1120F60F8A}.Release|Any CPU.ActiveCfg = Release|Any CPU
		{792CCC5D-C614-4DB6-B33E-0D1120F60F8A}.Release|Any CPU.Build.0 = Release|Any CPU
	EndGlobalSection
	GlobalSection(SolutionProperties) = preSolution
		HideSolutionNode = FALSE
	EndGlobalSection
	GlobalSection(ExtensibilityGlobals) = postSolution
		SolutionGuid = {AA060C4E-8741-455C-A340-D135042F2276}
	EndGlobalSection
EndGlobal
